
Microsoft Visual Studio Solution File, Format Version 12.00
# Visual Studio Version 17
VisualStudioVersion = 17.8.34511.84
MinimumVisualStudioVersion = 10.0.40219.1
Project("{FAE04EC0-301F-11D3-BF4B-00C04F79EFBC}") = "p23", "p23\p23.csproj", "{C65CDF29-2E0E-4379-AA74-A4C882FAA45D}"
EndProject
Project("{FAE04EC0-301F-11D3-BF4B-00C04F79EFBC}") = "SingletonLib", "SingletonLib\SingletonLib.csproj", "{6B94D809-7A74-4F55-BC5A-265951E5FD2D}"
EndProject
Global
	GlobalSection(SolutionConfigurationPlatforms) = preSolution
		Debug|Any CPU = Debug|Any CPU
		Release|Any CPU = Release|Any CPU
	EndGlobalSection
	GlobalSection(ProjectConfigurationPlatforms) = postSolution
		{C65CDF29-2E0E-4379-AA74-A4C882FAA45D}.Debug|Any CPU.ActiveCfg = Debug|Any CPU
		{C65CDF29-2E0E-4379-AA74-A4C882FAA45D}.Debug|Any CPU.Build.0 = Debug|Any CPU
		{C65CDF29-2E0E-4379-AA74-A4C882FAA45D}.Release|Any CPU.ActiveCfg = Release|Any CPU
		{C65CDF29-2E0E-4379-AA74-A4C882FAA45D}.Release|Any CPU.Build.0 = Release|Any CPU
		{6B94D809-7A74-4F55-BC5A-265951E5FD2D}.Debug|Any CPU.ActiveCfg = Debug|Any CPU
		{6B94D809-7A74-4F55-BC5A-265951E5FD2D}.Debug|Any CPU.Build.0 = Debug|Any CPU
		{6B94D809-7A74-4F55-BC5A-265951E5FD2D}.Release|Any CPU.ActiveCfg = Release|Any CPU
		{6B94D809-7A74-4F55-BC5A-265951E5FD2D}.Release|Any CPU.Build.0 = Release|Any CPU
	EndGlobalSection
	GlobalSection(SolutionProperties) = preSolution
		HideSolutionNode = FALSE
	EndGlobalSection
	GlobalSection(ExtensibilityGlobals) = postSolution
		SolutionGuid = {63653B49-37E6-4D6D-A9A7-4FD6EC3F6DD2}
	EndGlobalSection
EndGlobal
